// !$*UTF8*$!
{
	archiveVersion = 1;
	classes = {
	};
	objectVersion = 50;
	objects = {

/* Begin PBXBuildFile section */
		7704424620C3817200C29724 /* AppDelegate.swift in Sources */ = {isa = PBXBuildFile; fileRef = 7704424520C3817200C29724 /* AppDelegate.swift */; };
		7704424D20C3817300C29724 /* Assets.xcassets in Resources */ = {isa = PBXBuildFile; fileRef = 7704424C20C3817300C29724 /* Assets.xcassets */; };
		7704425020C3817300C29724 /* LaunchScreen.storyboard in Resources */ = {isa = PBXBuildFile; fileRef = 7704424E20C3817300C29724 /* LaunchScreen.storyboard */; };
		7704425B20C3817300C29724 /* CodeSampleTests.swift in Sources */ = {isa = PBXBuildFile; fileRef = 7704425A20C3817300C29724 /* CodeSampleTests.swift */; };
		7704426820C3818800C29724 /* UserToDoListViewController.swift in Sources */ = {isa = PBXBuildFile; fileRef = 7704426520C3818800C29724 /* UserToDoListViewController.swift */; };
		7704426920C3818800C29724 /* ViewController.swift in Sources */ = {isa = PBXBuildFile; fileRef = 7704426620C3818800C29724 /* ViewController.swift */; };
		7704426A20C3818800C29724 /* UserInformationViewController.swift in Sources */ = {isa = PBXBuildFile; fileRef = 7704426720C3818800C29724 /* UserInformationViewController.swift */; };
		7704426C20C381CF00C29724 /* Main.storyboard in Resources */ = {isa = PBXBuildFile; fileRef = 7704426B20C381CF00C29724 /* Main.storyboard */; };
/* End PBXBuildFile section */

/* Begin PBXContainerItemProxy section */
		7704425720C3817300C29724 /* PBXContainerItemProxy */ = {
			isa = PBXContainerItemProxy;
			containerPortal = 7704423A20C3817200C29724 /* Project object */;
			proxyType = 1;
			remoteGlobalIDString = 7704424120C3817200C29724;
			remoteInfo = CodeSample;
		};
/* End PBXContainerItemProxy section */

/* Begin PBXFileReference section */
		7704424220C3817200C29724 /* CodeSample.app */ = {isa = PBXFileReference; explicitFileType = wrapper.application; includeInIndex = 0; path = CodeSample.app; sourceTree = BUILT_PRODUCTS_DIR; };
		7704424520C3817200C29724 /* AppDelegate.swift */ = {isa = PBXFileReference; lastKnownFileType = sourcecode.swift; path = AppDelegate.swift; sourceTree = "<group>"; };
		7704424C20C3817300C29724 /* Assets.xcassets */ = {isa = PBXFileReference; lastKnownFileType = folder.assetcatalog; path = Assets.xcassets; sourceTree = "<group>"; };
		7704424F20C3817300C29724 /* Base */ = {isa = PBXFileReference; lastKnownFileType = file.storyboard; name = Base; path = Base.lproj/LaunchScreen.storyboard; sourceTree = "<group>"; };
		7704425120C3817300C29724 /* Info.plist */ = {isa = PBXFileReference; lastKnownFileType = text.plist.xml; path = Info.plist; sourceTree = "<group>"; };
		7704425620C3817300C29724 /* CodeSampleTests.xctest */ = {isa = PBXFileReference; explicitFileType = wrapper.cfbundle; includeInIndex = 0; path = CodeSampleTests.xctest; sourceTree = BUILT_PRODUCTS_DIR; };
		7704425A20C3817300C29724 /* CodeSampleTests.swift */ = {isa = PBXFileReference; lastKnownFileType = sourcecode.swift; path = CodeSampleTests.swift; sourceTree = "<group>"; };
		7704425C20C3817300C29724 /* Info.plist */ = {isa = PBXFileReference; lastKnownFileType = text.plist.xml; path = Info.plist; sourceTree = "<group>"; };
		7704426520C3818800C29724 /* UserToDoListViewController.swift */ = {isa = PBXFileReference; fileEncoding = 4; lastKnownFileType = sourcecode.swift; path = UserToDoListViewController.swift; sourceTree = "<group>"; };
		7704426620C3818800C29724 /* ViewController.swift */ = {isa = PBXFileReference; fileEncoding = 4; lastKnownFileType = sourcecode.swift; path = ViewController.swift; sourceTree = "<group>"; };
		7704426720C3818800C29724 /* UserInformationViewController.swift */ = {isa = PBXFileReference; fileEncoding = 4; lastKnownFileType = sourcecode.swift; path = UserInformationViewController.swift; sourceTree = "<group>"; };
		7704426B20C381CF00C29724 /* Main.storyboard */ = {isa = PBXFileReference; fileEncoding = 4; lastKnownFileType = file.storyboard; path = Main.storyboard; sourceTree = "<group>"; };
/* End PBXFileReference section */

/* Begin PBXFrameworksBuildPhase section */
		7704423F20C3817200C29724 /* Frameworks */ = {
			isa = PBXFrameworksBuildPhase;
			buildActionMask = 2147483647;
			files = (
			);
			runOnlyForDeploymentPostprocessing = 0;
		};
		7704425320C3817300C29724 /* Frameworks */ = {
			isa = PBXFrameworksBuildPhase;
			buildActionMask = 2147483647;
			files = (
			);
			runOnlyForDeploymentPostprocessing = 0;
		};
/* End PBXFrameworksBuildPhase section */

/* Begin PBXGroup section */
		7704423920C3817200C29724 = {
			isa = PBXGroup;
			children = (
				7704424420C3817200C29724 /* CodeSample */,
				7704425920C3817300C29724 /* CodeSampleTests */,
				7704424320C3817200C29724 /* Products */,
			);
			sourceTree = "<group>";
		};
		7704424320C3817200C29724 /* Products */ = {
			isa = PBXGroup;
			children = (
				7704424220C3817200C29724 /* CodeSample.app */,
				7704425620C3817300C29724 /* CodeSampleTests.xctest */,
			);
			name = Products;
			sourceTree = "<group>";
		};
		7704424420C3817200C29724 /* CodeSample */ = {
			isa = PBXGroup;
			children = (
				7704424520C3817200C29724 /* AppDelegate.swift */,
				7704426720C3818800C29724 /* UserInformationViewController.swift */,
				7704426520C3818800C29724 /* UserToDoListViewController.swift */,
				7704426620C3818800C29724 /* ViewController.swift */,
				7704426B20C381CF00C29724 /* Main.storyboard */,
				7704424C20C3817300C29724 /* Assets.xcassets */,
				7704424E20C3817300C29724 /* LaunchScreen.storyboard */,
				7704425120C3817300C29724 /* Info.plist */,
			);
			path = CodeSample;
			sourceTree = "<group>";
		};
		7704425920C3817300C29724 /* CodeSampleTests */ = {
			isa = PBXGroup;
			children = (
				7704425A20C3817300C29724 /* CodeSampleTests.swift */,
				7704425C20C3817300C29724 /* Info.plist */,
			);
			path = CodeSampleTests;
			sourceTree = "<group>";
		};
/* End PBXGroup section */

/* Begin PBXNativeTarget section */
		7704424120C3817200C29724 /* CodeSample */ = {
			isa = PBXNativeTarget;
			buildConfigurationList = 7704425F20C3817300C29724 /* Build configuration list for PBXNativeTarget "CodeSample" */;
			buildPhases = (
				7704423E20C3817200C29724 /* Sources */,
				7704423F20C3817200C29724 /* Frameworks */,
				7704424020C3817200C29724 /* Resources */,
			);
			buildRules = (
			);
			dependencies = (
			);
			name = CodeSample;
			productName = CodeSample;
			productReference = 7704424220C3817200C29724 /* CodeSample.app */;
			productType = "com.apple.product-type.application";
		};
		7704425520C3817300C29724 /* CodeSampleTests */ = {
			isa = PBXNativeTarget;
			buildConfigurationList = 7704426220C3817300C29724 /* Build configuration list for PBXNativeTarget "CodeSampleTests" */;
			buildPhases = (
				7704425220C3817300C29724 /* Sources */,
				7704425320C3817300C29724 /* Frameworks */,
				7704425420C3817300C29724 /* Resources */,
			);
			buildRules = (
			);
			dependencies = (
				7704425820C3817300C29724 /* PBXTargetDependency */,
			);
			name = CodeSampleTests;
			productName = CodeSampleTests;
			productReference = 7704425620C3817300C29724 /* CodeSampleTests.xctest */;
			productType = "com.apple.product-type.bundle.unit-test";
		};
/* End PBXNativeTarget section */

/* Begin PBXProject section */
		7704423A20C3817200C29724 /* Project object */ = {
			isa = PBXProject;
			attributes = {
				LastSwiftUpdateCheck = 0940;
				LastUpgradeCheck = 0940;
				ORGANIZATIONNAME = "Gina De La Rosa";
				TargetAttributes = {
					7704424120C3817200C29724 = {
						CreatedOnToolsVersion = 9.4;
					};
					7704425520C3817300C29724 = {
						CreatedOnToolsVersion = 9.4;
						TestTargetID = 7704424120C3817200C29724;
					};
				};
			};
			buildConfigurationList = 7704423D20C3817200C29724 /* Build configuration list for PBXProject "CodeSample" */;
			compatibilityVersion = "Xcode 9.3";
			developmentRegion = en;
			hasScannedForEncodings = 0;
			knownRegions = (
				en,
				Base,
			);
			mainGroup = 7704423920C3817200C29724;
			productRefGroup = 7704424320C3817200C29724 /* Products */;
			projectDirPath = "";
			projectRoot = "";
			targets = (
				7704424120C3817200C29724 /* CodeSample */,
				7704425520C3817300C29724 /* CodeSampleTests */,
			);
		};
/* End PBXProject section */

/* Begin PBXResourcesBuildPhase section */
		7704424020C3817200C29724 /* Resources */ = {
			isa = PBXResourcesBuildPhase;
			buildActionMask = 2147483647;
			files = (
				7704426C20C381CF00C29724 /* Main.storyboard in Resources */,
				7704425020C3817300C29724 /* LaunchScreen.storyboard in Resources */,
				7704424D20C3817300C29724 /* Assets.xcassets in Resources */,
			);
			runOnlyForDeploymentPostprocessing = 0;
		};
		7704425420C3817300C29724 /* Resources */ = {
			isa = PBXResourcesBuildPhase;
			buildActionMask = 2147483647;
			files = (
			);
			runOnlyForDeploymentPostprocessing = 0;
		};
/* End PBXResourcesBuildPhase section */

/* Begin PBXSourcesBuildPhase section */
		7704423E20C3817200C29724 /* Sources */ = {
			isa = PBXSourcesBuildPhase;
			buildActionMask = 2147483647;
			files = (
				7704426920C3818800C29724 /* ViewController.swift in Sources */,
				7704426820C3818800C29724 /* UserToDoListViewController.swift in Sources */,
				7704426A20C3818800C29724 /* UserInformationViewController.swift in Sources */,
				7704424620C3817200C29724 /* AppDelegate.swift in Sources */,
			);
			runOnlyForDeploymentPostprocessing = 0;
		};
		7704425220C3817300C29724 /* Sources */ = {
			isa = PBXSourcesBuildPhase;
			buildActionMask = 2147483647;
			files = (
				7704425B20C3817300C29724 /* CodeSampleTests.swift in Sources */,
			);
			runOnlyForDeploymentPostprocessing = 0;
		};
/* End PBXSourcesBuildPhase section */

/* Begin PBXTargetDependency section */
		7704425820C3817300C29724 /* PBXTargetDependency */ = {
			isa = PBXTargetDependency;
			target = 7704424120C3817200C29724 /* CodeSample */;
			targetProxy = 7704425720C3817300C29724 /* PBXContainerItemProxy */;
		};
/* End PBXTargetDependency section */

/* Begin PBXVariantGroup section */
		7704424E20C3817300C29724 /* LaunchScreen.storyboard */ = {
			isa = PBXVariantGroup;
			children = (
				7704424F20C3817300C29724 /* Base */,
			);
			name = LaunchScreen.storyboard;
			sourceTree = "<group>";
		};
/* End PBXVariantGroup section */

/* Begin XCBuildConfiguration section */
		7704425D20C3817300C29724 /* Debug */ = {
			isa = XCBuildConfiguration;
			buildSettings = {
				ALWAYS_SEARCH_USER_PATHS = NO;
				CLANG_ANALYZER_NONNULL = YES;
				CLANG_ANALYZER_NUMBER_OBJECT_CONVERSION = YES_AGGRESSIVE;
				CLANG_CXX_LANGUAGE_STANDARD = "gnu++14";
				CLANG_CXX_LIBRARY = "libc++";
				CLANG_ENABLE_MODULES = YES;
				CLANG_ENABLE_OBJC_ARC = YES;
				CLANG_ENABLE_OBJC_WEAK = YES;
				CLANG_WARN_BLOCK_CAPTURE_AUTORELEASING = YES;
				CLANG_WARN_BOOL_CONVERSION = YES;
				CLANG_WARN_COMMA = YES;
				CLANG_WARN_CONSTANT_CONVERSION = YES;
				CLANG_WARN_DEPRECATED_OBJC_IMPLEMENTATIONS = YES;
				CLANG_WARN_DIRECT_OBJC_ISA_USAGE = YES_ERROR;
				CLANG_WARN_DOCUMENTATION_COMMENTS = YES;
				CLANG_WARN_EMPTY_BODY = YES;
				CLANG_WARN_ENUM_CONVERSION = YES;
				CLANG_WARN_INFINITE_RECURSION = YES;
				CLANG_WARN_INT_CONVERSION = YES;
				CLANG_WARN_NON_LITERAL_NULL_CONVERSION = YES;
				CLANG_WARN_OBJC_IMPLICIT_RETAIN_SELF = YES;
				CLANG_WARN_OBJC_LITERAL_CONVERSION = YES;
				CLANG_WARN_OBJC_ROOT_CLASS = YES_ERROR;
				CLANG_WARN_RANGE_LOOP_ANALYSIS = YES;
				CLANG_WARN_STRICT_PROTOTYPES = YES;
				CLANG_WARN_SUSPICIOUS_MOVE = YES;
				CLANG_WARN_UNGUARDED_AVAILABILITY = YES_AGGRESSIVE;
				CLANG_WARN_UNREACHABLE_CODE = YES;
				CLANG_WARN__DUPLICATE_METHOD_MATCH = YES;
				CODE_SIGN_IDENTITY = "iPhone Developer";
				COPY_PHASE_STRIP = NO;
				DEBUG_INFORMATION_FORMAT = dwarf;
				ENABLE_STRICT_OBJC_MSGSEND = YES;
				ENABLE_TESTABILITY = YES;
				GCC_C_LANGUAGE_STANDARD = gnu11;
				GCC_DYNAMIC_NO_PIC = NO;
				GCC_NO_COMMON_BLOCKS = YES;
				GCC_OPTIMIZATION_LEVEL = 0;
				GCC_PREPROCESSOR_DEFINITIONS = (
					"DEBUG=1",
					"$(inherited)",
				);
				GCC_WARN_64_TO_32_BIT_CONVERSION = YES;
				GCC_WARN_ABOUT_RETURN_TYPE = YES_ERROR;
				GCC_WARN_UNDECLARED_SELECTOR = YES;
				GCC_WARN_UNINITIALIZED_AUTOS = YES_AGGRESSIVE;
				GCC_WARN_UNUSED_FUNCTION = YES;
				GCC_WARN_UNUSED_VARIABLE = YES;
				IPHONEOS_DEPLOYMENT_TARGET = 11.4;
				MTL_ENABLE_DEBUG_INFO = YES;
				ONLY_ACTIVE_ARCH = YES;
				SDKROOT = iphoneos;
				SWIFT_ACTIVE_COMPILATION_CONDITIONS = DEBUG;
				SWIFT_OPTIMIZATION_LEVEL = "-Onone";
			};
			name = Debug;
		};
		7704425E20C3817300C29724 /* Release */ = {
			isa = XCBuildConfiguration;
			buildSettings = {
				ALWAYS_SEARCH_USER_PATHS = NO;
				CLANG_ANALYZER_NONNULL = YES;
				CLANG_ANALYZER_NUMBER_OBJECT_CONVERSION = YES_AGGRESSIVE;
				CLANG_CXX_LANGUAGE_STANDARD = "gnu++14";
				CLANG_CXX_LIBRARY = "libc++";
				CLANG_ENABLE_MODULES = YES;
				CLANG_ENABLE_OBJC_ARC = YES;
				CLANG_ENABLE_OBJC_WEAK = YES;
				CLANG_WARN_BLOCK_CAPTURE_AUTORELEASING = YES;
				CLANG_WARN_BOOL_CONVERSION = YES;
				CLANG_WARN_COMMA = YES;
				CLANG_WARN_CONSTANT_CONVERSION = YES;
				CLANG_WARN_DEPRECATED_OBJC_IMPLEMENTATIONS = YES;
				CLANG_WARN_DIRECT_OBJC_ISA_USAGE = YES_ERROR;
				CLANG_WARN_DOCUMENTATION_COMMENTS = YES;
				CLANG_WARN_EMPTY_BODY = YES;
				CLANG_WARN_ENUM_CONVERSION = YES;
				CLANG_WARN_INFINITE_RECURSION = YES;
				CLANG_WARN_INT_CONVERSION = YES;
				CLANG_WARN_NON_LITERAL_NULL_CONVERSION = YES;
				CLANG_WARN_OBJC_IMPLICIT_RETAIN_SELF = YES;
				CLANG_WARN_OBJC_LITERAL_CONVERSION = YES;
				CLANG_WARN_OBJC_ROOT_CLASS = YES_ERROR;
				CLANG_WARN_RANGE_LOOP_ANALYSIS = YES;
				CLANG_WARN_STRICT_PROTOTYPES = YES;
				CLANG_WARN_SUSPICIOUS_MOVE = YES;
				CLANG_WARN_UNGUARDED_AVAILABILITY = YES_AGGRESSIVE;
				CLANG_WARN_UNREACHABLE_CODE = YES;
				CLANG_WARN__DUPLICATE_METHOD_MATCH = YES;
				CODE_SIGN_IDENTITY = "iPhone Developer";
				COPY_PHASE_STRIP = NO;
				DEBUG_INFORMATION_FORMAT = "dwarf-with-dsym";
				ENABLE_NS_ASSERTIONS = NO;
				ENABLE_STRICT_OBJC_MSGSEND = YES;
				GCC_C_LANGUAGE_STANDARD = gnu11;
				GCC_NO_COMMON_BLOCKS = YES;
				GCC_WARN_64_TO_32_BIT_CONVERSION = YES;
				GCC_WARN_ABOUT_RETURN_TYPE = YES_ERROR;
				GCC_WARN_UNDECLARED_SELECTOR = YES;
				GCC_WARN_UNINITIALIZED_AUTOS = YES_AGGRESSIVE;
				GCC_WARN_UNUSED_FUNCTION = YES;
				GCC_WARN_UNUSED_VARIABLE = YES;
				IPHONEOS_DEPLOYMENT_TARGET = 11.4;
				MTL_ENABLE_DEBUG_INFO = NO;
				SDKROOT = iphoneos;
				SWIFT_COMPILATION_MODE = wholemodule;
				SWIFT_OPTIMIZATION_LEVEL = "-O";
				VALIDATE_PRODUCT = YES;
			};
			name = Release;
		};
		7704426020C3817300C29724 /* Debug */ = {
			isa = XCBuildConfiguration;
			buildSettings = {
				ASSETCATALOG_COMPILER_APPICON_NAME = AppIcon;
				CODE_SIGN_STYLE = Automatic;
				DEVELOPMENT_TEAM = A6GUQ7XNWR;
				INFOPLIST_FILE = CodeSample/Info.plist;
				LD_RUNPATH_SEARCH_PATHS = (
					"$(inherited)",
					"@executable_path/Frameworks",
				);
				PRODUCT_BUNDLE_IDENTIFIER = com.ginadlr.CodeSample;
				PRODUCT_NAME = "$(TARGET_NAME)";
				SWIFT_VERSION = 4.0;
				TARGETED_DEVICE_FAMILY = "1,2";
			};
			name = Debug;
		};
		7704426120C3817300C29724 /* Release */ = {
			isa = XCBuildConfiguration;
			buildSettings = {
				ASSETCATALOG_COMPILER_APPICON_NAME = AppIcon;
				CODE_SIGN_STYLE = Automatic;
				DEVELOPMENT_TEAM = A6GUQ7XNWR;
				INFOPLIST_FILE = CodeSample/Info.plist;
				LD_RUNPATH_SEARCH_PATHS = (
					"$(inherited)",
					"@executable_path/Frameworks",
				);
				PRODUCT_BUNDLE_IDENTIFIER = com.ginadlr.CodeSample;
				PRODUCT_NAME = "$(TARGET_NAME)";
				SWIFT_VERSION = 4.0;
				TARGETED_DEVICE_FAMILY = "1,2";
			};
			name = Release;
		};
		7704426320C3817300C29724 /* Debug */ = {
			isa = XCBuildConfiguration;
			buildSettings = {
				ALWAYS_EMBED_SWIFT_STANDARD_LIBRARIES = YES;
				BUNDLE_LOADER = "$(TEST_HOST)";
				CODE_SIGN_STYLE = Automatic;
				DEVELOPMENT_TEAM = A6GUQ7XNWR;
				INFOPLIST_FILE = CodeSampleTests/Info.plist;
				LD_RUNPATH_SEARCH_PATHS = (
					"$(inherited)",
					"@executable_path/Frameworks",
					"@loader_path/Frameworks",
				);
				PRODUCT_BUNDLE_IDENTIFIER = com.ginadlr.CodeSampleTests;
				PRODUCT_NAME = "$(TARGET_NAME)";
				SWIFT_VERSION = 4.0;
				TARGETED_DEVICE_FAMILY = "1,2";
				TEST_HOST = "$(BUILT_PRODUCTS_DIR)/CodeSample.app/CodeSample";
			};
			name = Debug;
		};
		7704426420C3817300C29724 /* Release */ = {
			isa = XCBuildConfiguration;
			buildSettings = {
				ALWAYS_EMBED_SWIFT_STANDARD_LIBRARIES = YES;
				BUNDLE_LOADER = "$(TEST_HOST)";
				CODE_SIGN_STYLE = Automatic;
				DEVELOPMENT_TEAM = A6GUQ7XNWR;
				INFOPLIST_FILE = CodeSampleTests/Info.plist;
				LD_RUNPATH_SEARCH_PATHS = (
					"$(inherited)",
					"@executable_path/Frameworks",
					"@loader_path/Frameworks",
				);
				PRODUCT_BUNDLE_IDENTIFIER = com.ginadlr.CodeSampleTests;
				PRODUCT_NAME = "$(TARGET_NAME)";
				SWIFT_VERSION = 4.0;
				TARGETED_DEVICE_FAMILY = "1,2";
				TEST_HOST = "$(BUILT_PRODUCTS_DIR)/CodeSample.app/CodeSample";
			};
			name = Release;
		};
/* End XCBuildConfiguration section */

/* Begin XCConfigurationList section */
		7704423D20C3817200C29724 /* Build configuration list for PBXProject "CodeSample" */ = {
			isa = XCConfigurationList;
			buildConfigurations = (
				7704425D20C3817300C29724 /* Debug */,
				7704425E20C3817300C29724 /* Release */,
			);
			defaultConfigurationIsVisible = 0;
			defaultConfigurationName = Release;
		};
		7704425F20C3817300C29724 /* Build configuration list for PBXNativeTarget "CodeSample" */ = {
			isa = XCConfigurationList;
			buildConfigurations = (
				7704426020C3817300C29724 /* Debug */,
				7704426120C3817300C29724 /* Release */,
			);
			defaultConfigurationIsVisible = 0;
			defaultConfigurationName = Release;
		};
		7704426220C3817300C29724 /* Build configuration list for PBXNativeTarget "CodeSampleTests" */ = {
			isa = XCConfigurationList;
			buildConfigurations = (
				7704426320C3817300C29724 /* Debug */,
				7704426420C3817300C29724 /* Release */,
			);
			defaultConfigurationIsVisible = 0;
			defaultConfigurationName = Release;
		};
/* End XCConfigurationList section */
	};
	rootObject = 7704423A20C3817200C29724 /* Project object */;
}
